{
  "version": 4,
  "terraform_version": "1.2.4",
  "serial": 65,
  "lineage": "fee8b5f4-3553-0427-ffa8-cd9508f87530",
  "outputs": {
    "healthcheck_id": {
      "value": "projects/gcp-2021-2-bookshelf-dineshs/global/healthChecks/bookshelf-healthcheck",
      "type": "string"
    },
    "mig_id": {
      "value": "https://www.googleapis.com/compute/v1/projects/gcp-2021-2-bookshelf-dineshs/zones/us-central1-a/instanceGroups/bookshelf-instancegroup-manager",
      "type": "string"
    },
    "network_name": {
      "value": "projects/gcp-2021-2-bookshelf-dineshs/global/networks/bookshelf-vpc",
      "type": "string"
    },
    "private-ip-address-id": {
      "value": "projects/gcp-2021-2-bookshelf-dineshs/global/addresses/private-ip-address",
      "type": "string"
    },
    "private-ip-address-name": {
      "value": "private-ip-address",
      "type": "string"
    },
    "subnetwork_name": {
      "value": "projects/gcp-2021-2-bookshelf-dineshs/regions/us-central1/subnetworks/bookshelf-subnet",
      "type": "string"
    }
  },
  "resources": [
    {
      "mode": "data",
      "type": "terraform_remote_state",
      "name": "remote_state",
      "provider": "provider[\"terraform.io/builtin/terraform\"]",
      "instances": [
        {
          "schema_version": 0,
          "attributes": {
            "backend": "gcs",
            "config": {
              "value": {
                "bucket": "bucket-be-bookshelf-5",
                "credentials": "{\n  \"type\": \"service_account\",\n  \"project_id\": \"gcp-2021-2-bookshelf-dineshs\",\n  \"private_key_id\": \"bed8cb55e0280f51bd054ca8d1b980c05622eab3\",\n  \"private_key\": \"-----BEGIN PRIVATE KEY-----\\nMIIEvAIBADANBgkqhkiG9w0BAQEFAASCBKYwggSiAgEAAoIBAQCW4p+ibJgVPlDa\\nh+5OAUMiXzaWPngWnWaycjTOENBzIQYu1IX1GJupg9dbAVvwV3yY+M75xJrfds1V\\nIoyCGCfMXfdDELqg8nEDzH1I0pGOmj0410H0s+XXtOxL4fCPj0lilemh9Sv0on1w\\nd+mwv30PjTOOak/FcAcpkpAkZ4oXNDLSmlAYuicJj/MRntqjH06j7J2uW20X2mxG\\nr93zissrfUkNAJSlH59QndDxrLO89dMIrYV6F0K0FRGyAtzwsnFYXL2lbBfoCHsN\\niHMlNVkeR7+a7tWR67S8Gl24xg/nsF2xyNvpVBUZN7SKaETsrpE77f+sRweuSo7M\\nQqQYd17/AgMBAAECggEADcnV9rzfxQk10FKdt2ksHmb/EQnSZZaqvOHs62vj8LFy\\n5DKtrzE5gGs48esU4MjN7RjHqVGLKaKsrvwCRR05/dYUc3+C3pRpOYSlalM71AFK\\nWPhq4ZbTCTxSX7jdB/F7LlQuzoseIjP7LJz4sRs+rX4k2P3kHlHXhbgMDhecKfSK\\nQ0NdDPw+zcjur7cV88aaKK1XLdPUaB6Kq+fJXzJUR+2c1QDzG/vfvunBWOF/58EW\\n0QO37wH+hxyl3sGCLwc8y7mwhU/oQqAvv8izjYuUK5lCqFYiRrywKeLuV1/BnTnG\\nDHOAWBXq/USsIJ8wwM+wH5G/j8yTiWI38XB6CxN9wQKBgQDLZKGDhuUwVnBCh0Rv\\nFt6A8DgeFGLcPuZhqtKKKzzc0GdZQk1AtyHJ0kK6WZ1I7dAQ1pghvzfoC8UO9Eqb\\neO4UTh05Aula5DDrxG6y0v4y7HWR5vwTrG35wDTnOBj9Rv0RSQVObPqz/yagCujJ\\nFjmBwlb7Xqr+0hnCPjFIkEmcoQKBgQC96UO3vOf+hU/4qpe7Dz4y6QeO5aEZdniP\\nWxYUsQVqQz0PAxcs6AII1ubwWkzZ2ZPYaysFUWF9Z5bMGH53j2MVUMG1fgfoSv5Q\\nPOYkwu2uweVnIHGvGBpPSOBH8LTlRqmrSykql2VCXDUuxg5zKRCG5MHXe6PXtH2u\\n8oAsvsi3nwKBgCVk1fEJjv+JFNCWb/WAnd3UzGxzUQ2vHsocDuNKOcFbK3UUpIFe\\naf7iAlSifzFWT6eY3JVvw4aNC2jJbyIQZK0lA2hk6aRFSd0+2x9TfVq9cIwnjHbN\\nf9aoCNHt1WJTd9mCtFAL5zfKlD5eYxf9VwtNQJKsgAGjfQriRktSA8ahAoGAUxf0\\nRDmIfInSAuiJeRRjT508bF62zVBT0c217JnD18nRtnbQthpRgZKd+z5Xb95OXRwO\\n98Wy1U704Ro6g4+ed94c049wYEgn2+25eQ49NwCpoiTE+SqfoF8vmuqMC+GOLV+2\\nhGc3rAByWKPaALNQAuWmluUHPENB1sFOKcXURtsCgYBxqdnRMDdsAyRj7olcp7On\\nEzKGAigRcK5BjaCZMNeHK2OVb76zXFb9X1mmMinHplGN1IDwlF/0bnwEI8R3g+UP\\n+h77vW3Cji4WyP0w7kRa3GIGe5OeZmxRmbG5A1rBVdCjFpR7vIXp6SvHwlC+Q983\\n4UDL5QP+RKGdlV161b9wwg==\\n-----END PRIVATE KEY-----\\n\",\n  \"client_email\": \"service-account-bookshelf@gcp-2021-2-bookshelf-dineshs.iam.gserviceaccount.com\",\n  \"client_id\": \"109001135622904208485\",\n  \"auth_uri\": \"https://accounts.google.com/o/oauth2/auth\",\n  \"token_uri\": \"https://oauth2.googleapis.com/token\",\n  \"auth_provider_x509_cert_url\": \"https://www.googleapis.com/oauth2/v1/certs\",\n  \"client_x509_cert_url\": \"https://www.googleapis.com/robot/v1/metadata/x509/service-account-bookshelf%40gcp-2021-2-bookshelf-dineshs.iam.gserviceaccount.com\"\n}\n",
                "prefix": "bookshelf"
              },
              "type": [
                "object",
                {
                  "bucket": "string",
                  "credentials": "string",
                  "prefix": "string"
                }
              ]
            },
            "defaults": null,
            "outputs": {
              "value": {},
              "type": [
                "object",
                {}
              ]
            },
            "workspace": null
          },
          "sensitive_attributes": []
        }
      ]
    },
    {
      "module": "module.compute_resources",
      "mode": "managed",
      "type": "google_compute_autoscaler",
      "name": "default",
      "provider": "provider[\"registry.terraform.io/hashicorp/google-beta\"]",
      "instances": [
        {
          "schema_version": 0,
          "attributes": {
            "autoscaling_policy": [
              {
                "cooldown_period": 300,
                "cpu_utilization": [
                  {
                    "predictive_method": "NONE",
                    "target": 0.6
                  }
                ],
                "load_balancing_utilization": [],
                "max_replicas": 3,
                "metric": [],
                "min_replicas": 2,
                "mode": "ON",
                "scale_down_control": [],
                "scale_in_control": [],
                "scaling_schedules": []
              }
            ],
            "creation_timestamp": "2022-08-02T00:36:27.229-07:00",
            "description": "",
            "id": "projects/gcp-2021-2-bookshelf-dineshs/zones/us-central1-a/autoscalers/bookshelf-autoscaler",
            "name": "bookshelf-autoscaler",
            "project": "gcp-2021-2-bookshelf-dineshs",
            "self_link": "https://www.googleapis.com/compute/v1/projects/gcp-2021-2-bookshelf-dineshs/zones/us-central1-a/autoscalers/bookshelf-autoscaler",
            "target": "https://www.googleapis.com/compute/v1/projects/gcp-2021-2-bookshelf-dineshs/zones/us-central1-a/instanceGroupManagers/bookshelf-instancegroup-manager",
            "timeouts": null,
            "zone": "https://www.googleapis.com/compute/v1/projects/gcp-2021-2-bookshelf-dineshs/zones/us-central1-a"
          },
          "sensitive_attributes": [],
          "private": "eyJlMmJmYjczMC1lY2FhLTExZTYtOGY4OC0zNDM2M2JjN2M0YzAiOnsiY3JlYXRlIjoxMjAwMDAwMDAwMDAwLCJkZWxldGUiOjEyMDAwMDAwMDAwMDAsInVwZGF0ZSI6MTIwMDAwMDAwMDAwMH19",
          "dependencies": [
            "module.compute_resources.google_compute_health_check.autohealing",
            "module.compute_resources.google_compute_instance_group_manager.appserver",
            "module.compute_resources.google_compute_instance_template.bookshelf-instance-template",
            "module.compute_resources.google_service_account.service_account",
            "module.network_resources.google_compute_network.vpc-network",
            "module.network_resources.google_compute_subnetwork.subnet"
          ]
        }
      ]
    },
    {
      "module": "module.compute_resources",
      "mode": "managed",
      "type": "google_compute_health_check",
      "name": "autohealing",
      "provider": "provider[\"registry.terraform.io/hashicorp/google\"]",
      "instances": [
        {
          "schema_version": 0,
          "attributes": {
            "check_interval_sec": 5,
            "creation_timestamp": "2022-08-02T00:35:44.098-07:00",
            "description": "",
            "healthy_threshold": 2,
            "http2_health_check": [],
            "http_health_check": [
              {
                "host": "",
                "port": 8080,
                "port_name": "",
                "port_specification": "",
                "proxy_header": "NONE",
                "request_path": "/_ah/health",
                "response": ""
              }
            ],
            "https_health_check": [],
            "id": "projects/gcp-2021-2-bookshelf-dineshs/global/healthChecks/bookshelf-healthcheck",
            "name": "bookshelf-healthcheck",
            "project": "gcp-2021-2-bookshelf-dineshs",
            "self_link": "https://www.googleapis.com/compute/v1/projects/gcp-2021-2-bookshelf-dineshs/global/healthChecks/bookshelf-healthcheck",
            "ssl_health_check": [],
            "tcp_health_check": [],
            "timeout_sec": 5,
            "timeouts": null,
            "type": "HTTP",
            "unhealthy_threshold": 2
          },
          "sensitive_attributes": [],
          "private": "eyJlMmJmYjczMC1lY2FhLTExZTYtOGY4OC0zNDM2M2JjN2M0YzAiOnsiY3JlYXRlIjoyNDAwMDAwMDAwMDAsImRlbGV0ZSI6MjQwMDAwMDAwMDAwLCJ1cGRhdGUiOjI0MDAwMDAwMDAwMH19"
        }
      ]
    },
    {
      "module": "module.compute_resources",
      "mode": "managed",
      "type": "google_compute_instance_group_manager",
      "name": "appserver",
      "provider": "provider[\"registry.terraform.io/hashicorp/google\"]",
      "instances": [
        {
          "schema_version": 0,
          "attributes": {
            "auto_healing_policies": [
              {
                "health_check": "https://www.googleapis.com/compute/beta/projects/gcp-2021-2-bookshelf-dineshs/global/healthChecks/bookshelf-healthcheck",
                "initial_delay_sec": 300
              }
            ],
            "base_instance_name": "bookshelf-base-instance",
            "description": "",
            "fingerprint": "HIlvQCn03jw=",
            "id": "projects/gcp-2021-2-bookshelf-dineshs/zones/us-central1-a/instanceGroupManagers/bookshelf-instancegroup-manager",
            "instance_group": "https://www.googleapis.com/compute/v1/projects/gcp-2021-2-bookshelf-dineshs/zones/us-central1-a/instanceGroups/bookshelf-instancegroup-manager",
            "instance_template": null,
            "name": "bookshelf-instancegroup-manager",
            "named_port": [
              {
                "name": "http",
                "port": 8080
              }
            ],
            "project": "gcp-2021-2-bookshelf-dineshs",
            "self_link": "https://www.googleapis.com/compute/v1/projects/gcp-2021-2-bookshelf-dineshs/zones/us-central1-a/instanceGroupManagers/bookshelf-instancegroup-manager",
            "target_pools": [],
            "target_size": 2,
            "timeouts": null,
            "update_policy": [
              {
                "max_surge_fixed": 2,
                "max_surge_percent": 0,
                "max_unavailable_fixed": 2,
                "max_unavailable_percent": 0,
                "min_ready_sec": 0,
                "minimal_action": "REPLACE",
                "type": "PROACTIVE"
              }
            ],
            "update_strategy": null,
            "version": [
              {
                "instance_template": "https://www.googleapis.com/compute/v1/projects/gcp-2021-2-bookshelf-dineshs/global/instanceTemplates/bookshelf-template-terraform",
                "name": "",
                "target_size": []
              }
            ],
            "wait_for_instances": false,
            "zone": "us-central1-a"
          },
          "sensitive_attributes": [],
          "private": "eyJlMmJmYjczMC1lY2FhLTExZTYtOGY4OC0zNDM2M2JjN2M0YzAiOnsiY3JlYXRlIjozMDAwMDAwMDAwMDAsImRlbGV0ZSI6OTAwMDAwMDAwMDAwLCJ1cGRhdGUiOjMwMDAwMDAwMDAwMH19",
          "dependencies": [
            "module.compute_resources.google_compute_health_check.autohealing",
            "module.compute_resources.google_compute_instance_template.bookshelf-instance-template"
          ]
        }
      ]
    },
    {
      "module": "module.compute_resources",
      "mode": "managed",
      "type": "google_compute_instance_template",
      "name": "bookshelf-instance-template",
      "provider": "provider[\"registry.terraform.io/hashicorp/google\"]",
      "instances": [
        {
          "schema_version": 1,
          "attributes": {
            "can_ip_forward": false,
            "description": "",
            "disk": [
              {
                "auto_delete": true,
                "boot": true,
                "device_name": "persistent-disk-0",
                "disk_encryption_key": [],
                "disk_name": "",
                "disk_size_gb": 0,
                "disk_type": "pd-standard",
                "interface": "SCSI",
                "labels": {},
                "mode": "READ_WRITE",
                "source": "",
                "source_image": "projects/gcp-2021-2-bookshelf-dineshs/global/images/debian-9-custom",
                "type": "PERSISTENT"
              }
            ],
            "enable_display": null,
            "guest_accelerator": [],
            "id": "projects/gcp-2021-2-bookshelf-dineshs/global/instanceTemplates/bookshelf-template-terraform",
            "instance_description": "",
            "labels": {
              "ansible": "ansible"
            },
            "machine_type": "e2-medium",
            "metadata": {},
            "metadata_fingerprint": "nEkuSFf-N00=",
            "metadata_startup_script": null,
            "min_cpu_platform": "",
            "name": "bookshelf-template-terraform",
            "name_prefix": null,
            "network_interface": [
              {
                "access_config": [],
                "alias_ip_range": [],
                "name": "nic0",
                "network": "https://www.googleapis.com/compute/v1/projects/gcp-2021-2-bookshelf-dineshs/global/networks/bookshelf-vpc",
                "network_ip": "",
                "subnetwork": "https://www.googleapis.com/compute/v1/projects/gcp-2021-2-bookshelf-dineshs/regions/us-central1/subnetworks/bookshelf-subnet",
                "subnetwork_project": "gcp-2021-2-bookshelf-dineshs"
              }
            ],
            "project": "gcp-2021-2-bookshelf-dineshs",
            "region": "us-central1",
            "scheduling": [
              {
                "automatic_restart": true,
                "node_affinities": [],
                "on_host_maintenance": "MIGRATE",
                "preemptible": false
              }
            ],
            "self_link": "https://www.googleapis.com/compute/beta/projects/gcp-2021-2-bookshelf-dineshs/global/instanceTemplates/bookshelf-template-terraform",
            "service_account": [
              {
                "email": "bookshelf-terraform-sa@gcp-2021-2-bookshelf-dineshs.iam.gserviceaccount.com",
                "scopes": [
                  "https://www.googleapis.com/auth/cloud-platform"
                ]
              }
            ],
            "shielded_instance_config": [],
            "tags": [
              "allow-ssh",
              "health-check"
            ],
            "tags_fingerprint": ""
          },
          "sensitive_attributes": [],
          "private": "eyJzY2hlbWFfdmVyc2lvbiI6IjEifQ==",
          "dependencies": [
            "module.compute_resources.google_service_account.service_account",
            "module.network_resources.google_compute_network.vpc-network",
            "module.network_resources.google_compute_subnetwork.subnet"
          ]
        }
      ]
    },
    {
      "module": "module.compute_resources",
      "mode": "managed",
      "type": "google_project_iam_member",
      "name": "admin",
      "provider": "provider[\"registry.terraform.io/hashicorp/google\"]",
      "instances": [
        {
          "schema_version": 0,
          "attributes": {
            "etag": "BwXkrOiwXJQ=",
            "id": "gcp-2021-2-bookshelf-dineshs/roles/editor/serviceaccount:bookshelf-terraform-sa@gcp-2021-2-bookshelf-dineshs.iam.gserviceaccount.com",
            "member": "serviceAccount:bookshelf-terraform-sa@gcp-2021-2-bookshelf-dineshs.iam.gserviceaccount.com",
            "project": "gcp-2021-2-bookshelf-dineshs",
            "role": "roles/editor"
          },
          "sensitive_attributes": [],
          "private": "bnVsbA==",
          "dependencies": [
            "module.compute_resources.google_service_account.service_account"
          ]
        }
      ]
    },
    {
      "module": "module.compute_resources",
      "mode": "managed",
      "type": "google_project_iam_member",
      "name": "admin1",
      "provider": "provider[\"registry.terraform.io/hashicorp/google\"]",
      "instances": [
        {
          "schema_version": 0,
          "attributes": {
            "etag": "BwXkrOiwXJQ=",
            "id": "gcp-2021-2-bookshelf-dineshs/roles/iam.serviceAccountUser/serviceaccount:bookshelf-terraform-sa@gcp-2021-2-bookshelf-dineshs.iam.gserviceaccount.com",
            "member": "serviceAccount:bookshelf-terraform-sa@gcp-2021-2-bookshelf-dineshs.iam.gserviceaccount.com",
            "project": "gcp-2021-2-bookshelf-dineshs",
            "role": "roles/iam.serviceAccountUser"
          },
          "sensitive_attributes": [],
          "private": "bnVsbA==",
          "dependencies": [
            "module.compute_resources.google_service_account.service_account"
          ]
        }
      ]
    },
    {
      "module": "module.compute_resources",
      "mode": "managed",
      "type": "google_project_iam_member",
      "name": "admin2",
      "provider": "provider[\"registry.terraform.io/hashicorp/google\"]",
      "instances": [
        {
          "schema_version": 0,
          "attributes": {
            "etag": "BwXkrOiwXJQ=",
            "id": "gcp-2021-2-bookshelf-dineshs/roles/compute.osAdminLogin/serviceaccount:bookshelf-terraform-sa@gcp-2021-2-bookshelf-dineshs.iam.gserviceaccount.com",
            "member": "serviceAccount:bookshelf-terraform-sa@gcp-2021-2-bookshelf-dineshs.iam.gserviceaccount.com",
            "project": "gcp-2021-2-bookshelf-dineshs",
            "role": "roles/compute.osAdminLogin"
          },
          "sensitive_attributes": [],
          "private": "bnVsbA==",
          "dependencies": [
            "module.compute_resources.google_service_account.service_account"
          ]
        }
      ]
    },
    {
      "module": "module.compute_resources",
      "mode": "managed",
      "type": "google_service_account",
      "name": "service_account",
      "provider": "provider[\"registry.terraform.io/hashicorp/google\"]",
      "instances": [
        {
          "schema_version": 0,
          "attributes": {
            "account_id": "bookshelf-terraform-sa",
            "description": "",
            "display_name": "bookshelf-terraform-sa",
            "email": "bookshelf-terraform-sa@gcp-2021-2-bookshelf-dineshs.iam.gserviceaccount.com",
            "id": "projects/gcp-2021-2-bookshelf-dineshs/serviceAccounts/bookshelf-terraform-sa@gcp-2021-2-bookshelf-dineshs.iam.gserviceaccount.com",
            "name": "projects/gcp-2021-2-bookshelf-dineshs/serviceAccounts/bookshelf-terraform-sa@gcp-2021-2-bookshelf-dineshs.iam.gserviceaccount.com",
            "project": "gcp-2021-2-bookshelf-dineshs",
            "unique_id": "117242220048889061051"
          },
          "sensitive_attributes": [],
          "private": "bnVsbA=="
        }
      ]
    },
    {
      "module": "module.jump_server",
      "mode": "managed",
      "type": "google_compute_instance",
      "name": "jump_server",
      "provider": "provider[\"registry.terraform.io/hashicorp/google\"]",
      "instances": [
        {
          "schema_version": 6,
          "attributes": {
            "allow_stopping_for_update": null,
            "attached_disk": [],
            "boot_disk": [
              {
                "auto_delete": true,
                "device_name": "persistent-disk-0",
                "disk_encryption_key_raw": "",
                "disk_encryption_key_sha256": "",
                "initialize_params": [
                  {
                    "image": "https://www.googleapis.com/compute/v1/projects/debian-cloud/global/images/debian-11-bullseye-v20220719",
                    "labels": {},
                    "size": 10,
                    "type": "pd-standard"
                  }
                ],
                "kms_key_self_link": "",
                "mode": "READ_WRITE",
                "source": "https://www.googleapis.com/compute/v1/projects/gcp-2021-2-bookshelf-dineshs/zones/us-central1-a/disks/jump-server"
              }
            ],
            "can_ip_forward": false,
            "cpu_platform": "Intel Broadwell",
            "current_status": "RUNNING",
            "deletion_protection": false,
            "description": "",
            "desired_status": null,
            "enable_display": false,
            "guest_accelerator": [],
            "hostname": "",
            "id": "projects/gcp-2021-2-bookshelf-dineshs/zones/us-central1-a/instances/jump-server",
            "instance_id": "584023690362146599",
            "label_fingerprint": "42WmSpB8rSM=",
            "labels": {},
            "machine_type": "e2-medium",
            "metadata": {},
            "metadata_fingerprint": "Y_lYj2J8S4M=",
            "metadata_startup_script": "#! /bin/bash\n\nset -v \n\n# Talk to the metadata server to get the project id\nPROJECTID=$(curl -s \"http://metadata.google.internal/computeMetadata/v1/project/project-id\" -H \"Metadata-Flavor: Google\")\n\n\n# installing git\nsudo apt update\nsudo apt install git -y\n\n# installing ansible\nsudo apt install ansible -y\n\n# installing dependencies\nsudo apt install build-essential python3 python3-pip -y\n\n# Get the source code from the Google Cloud Repository\n# git requires $HOME and it's not set during the startup script.\nexport HOME=/root\ngit config --global credential.helper gcloud.sh\ngit clone https://source.developers.google.com/p/gcp-2021-2-bookshelf-dineshs/r/bookshelf_cloud_repo_ansible /etc\n\n# ansible-playbook main.yml",
            "min_cpu_platform": "",
            "name": "jump-server",
            "network_interface": [
              {
                "access_config": [],
                "alias_ip_range": [],
                "name": "nic0",
                "network": "https://www.googleapis.com/compute/v1/projects/gcp-2021-2-bookshelf-dineshs/global/networks/bookshelf-vpc",
                "network_ip": "10.0.0.5",
                "subnetwork": "https://www.googleapis.com/compute/v1/projects/gcp-2021-2-bookshelf-dineshs/regions/us-central1/subnetworks/bookshelf-subnet",
                "subnetwork_project": "gcp-2021-2-bookshelf-dineshs"
              }
            ],
            "project": "gcp-2021-2-bookshelf-dineshs",
            "resource_policies": [],
            "scheduling": [
              {
                "automatic_restart": true,
                "node_affinities": [],
                "on_host_maintenance": "MIGRATE",
                "preemptible": false
              }
            ],
            "scratch_disk": [],
            "self_link": "https://www.googleapis.com/compute/v1/projects/gcp-2021-2-bookshelf-dineshs/zones/us-central1-a/instances/jump-server",
            "service_account": [
              {
                "email": "bookshelf-terraform-sa@gcp-2021-2-bookshelf-dineshs.iam.gserviceaccount.com",
                "scopes": [
                  "https://www.googleapis.com/auth/cloud-platform"
                ]
              }
            ],
            "shielded_instance_config": [
              {
                "enable_integrity_monitoring": true,
                "enable_secure_boot": false,
                "enable_vtpm": true
              }
            ],
            "tags": [
              "allow-ssh"
            ],
            "tags_fingerprint": "SFX9LNAOdG8=",
            "timeouts": null,
            "zone": "us-central1-a"
          },
          "sensitive_attributes": [],
          "private": "eyJlMmJmYjczMC1lY2FhLTExZTYtOGY4OC0zNDM2M2JjN2M0YzAiOnsiY3JlYXRlIjoxMjAwMDAwMDAwMDAwLCJkZWxldGUiOjEyMDAwMDAwMDAwMDAsInVwZGF0ZSI6MTIwMDAwMDAwMDAwMH0sInNjaGVtYV92ZXJzaW9uIjoiNiJ9",
          "dependencies": [
            "module.compute_resources.google_service_account.service_account",
            "module.network_resources.google_compute_network.vpc-network",
            "module.network_resources.google_compute_subnetwork.subnet"
          ]
        }
      ]
    },
    {
      "module": "module.network_resources",
      "mode": "managed",
      "type": "google_compute_backend_service",
      "name": "default",
      "provider": "provider[\"registry.terraform.io/hashicorp/google\"]",
      "instances": [
        {
          "schema_version": 1,
          "attributes": {
            "affinity_cookie_ttl_sec": 0,
            "backend": [
              {
                "balancing_mode": "UTILIZATION",
                "capacity_scaler": 1,
                "description": "",
                "group": "https://www.googleapis.com/compute/v1/projects/gcp-2021-2-bookshelf-dineshs/zones/us-central1-a/instanceGroups/bookshelf-instancegroup-manager",
                "max_connections": 0,
                "max_connections_per_endpoint": 0,
                "max_connections_per_instance": 0,
                "max_rate": 0,
                "max_rate_per_endpoint": 0,
                "max_rate_per_instance": 0,
                "max_utilization": 0.8
              }
            ],
            "cdn_policy": [],
            "connection_draining_timeout_sec": 300,
            "creation_timestamp": "2022-08-02T00:36:26.214-07:00",
            "description": "",
            "enable_cdn": false,
            "fingerprint": "0dyY2vG5bgM=",
            "health_checks": [
              "https://www.googleapis.com/compute/v1/projects/gcp-2021-2-bookshelf-dineshs/global/healthChecks/bookshelf-healthcheck"
            ],
            "iap": [],
            "id": "projects/gcp-2021-2-bookshelf-dineshs/global/backendServices/lb-backend-service",
            "load_balancing_scheme": "EXTERNAL",
            "name": "lb-backend-service",
            "port_name": "http",
            "project": "gcp-2021-2-bookshelf-dineshs",
            "protocol": "HTTP",
            "security_policy": "",
            "self_link": "https://www.googleapis.com/compute/v1/projects/gcp-2021-2-bookshelf-dineshs/global/backendServices/lb-backend-service",
            "session_affinity": "NONE",
            "timeout_sec": 10,
            "timeouts": null
          },
          "sensitive_attributes": [],
          "private": "eyJlMmJmYjczMC1lY2FhLTExZTYtOGY4OC0zNDM2M2JjN2M0YzAiOnsiY3JlYXRlIjoyNDAwMDAwMDAwMDAsImRlbGV0ZSI6MjQwMDAwMDAwMDAwLCJ1cGRhdGUiOjI0MDAwMDAwMDAwMH0sInNjaGVtYV92ZXJzaW9uIjoiMSJ9",
          "dependencies": [
            "module.compute_resources.google_compute_health_check.autohealing",
            "module.compute_resources.google_compute_instance_group_manager.appserver",
            "module.compute_resources.google_compute_instance_template.bookshelf-instance-template",
            "module.compute_resources.google_service_account.service_account",
            "module.network_resources.google_compute_network.vpc-network",
            "module.network_resources.google_compute_subnetwork.subnet"
          ]
        }
      ]
    },
    {
      "module": "module.network_resources",
      "mode": "managed",
      "type": "google_compute_firewall",
      "name": "allow-ssh",
      "provider": "provider[\"registry.terraform.io/hashicorp/google\"]",
      "instances": [
        {
          "schema_version": 1,
          "attributes": {
            "allow": [
              {
                "ports": [
                  "22"
                ],
                "protocol": "tcp"
              }
            ],
            "creation_timestamp": "2022-07-25T20:29:16.199-07:00",
            "deny": [],
            "description": "",
            "destination_ranges": [],
            "direction": "INGRESS",
            "disabled": false,
            "enable_logging": false,
            "id": "projects/gcp-2021-2-bookshelf-dineshs/global/firewalls/allow-ssh",
            "name": "allow-ssh",
            "network": "https://www.googleapis.com/compute/v1/projects/gcp-2021-2-bookshelf-dineshs/global/networks/bookshelf-vpc",
            "priority": 1000,
            "project": "gcp-2021-2-bookshelf-dineshs",
            "self_link": "https://www.googleapis.com/compute/v1/projects/gcp-2021-2-bookshelf-dineshs/global/firewalls/allow-ssh",
            "source_ranges": [
              "10.0.0.0/20",
              "35.235.240.0/20"
            ],
            "source_service_accounts": [],
            "source_tags": [],
            "target_service_accounts": [],
            "target_tags": [
              "allow-ssh"
            ],
            "timeouts": null
          },
          "sensitive_attributes": [],
          "private": "eyJlMmJmYjczMC1lY2FhLTExZTYtOGY4OC0zNDM2M2JjN2M0YzAiOnsiY3JlYXRlIjoyNDAwMDAwMDAwMDAsImRlbGV0ZSI6MjQwMDAwMDAwMDAwLCJ1cGRhdGUiOjI0MDAwMDAwMDAwMH0sInNjaGVtYV92ZXJzaW9uIjoiMSJ9",
          "dependencies": [
            "module.network_resources.google_compute_network.vpc-network"
          ]
        }
      ]
    },
    {
      "module": "module.network_resources",
      "mode": "managed",
      "type": "google_compute_firewall",
      "name": "rules",
      "provider": "provider[\"registry.terraform.io/hashicorp/google\"]",
      "instances": [
        {
          "schema_version": 1,
          "attributes": {
            "allow": [
              {
                "ports": [
                  "8080"
                ],
                "protocol": "tcp"
              }
            ],
            "creation_timestamp": "2022-07-25T20:29:16.151-07:00",
            "deny": [],
            "description": "",
            "destination_ranges": [],
            "direction": "INGRESS",
            "disabled": false,
            "enable_logging": false,
            "id": "projects/gcp-2021-2-bookshelf-dineshs/global/firewalls/allow-health-check",
            "name": "allow-health-check",
            "network": "https://www.googleapis.com/compute/v1/projects/gcp-2021-2-bookshelf-dineshs/global/networks/bookshelf-vpc",
            "priority": 1000,
            "project": "gcp-2021-2-bookshelf-dineshs",
            "self_link": "https://www.googleapis.com/compute/v1/projects/gcp-2021-2-bookshelf-dineshs/global/firewalls/allow-health-check",
            "source_ranges": [
              "130.211.0.0/22",
              "35.191.0.0/16"
            ],
            "source_service_accounts": [],
            "source_tags": [],
            "target_service_accounts": [],
            "target_tags": [
              "health-check"
            ],
            "timeouts": null
          },
          "sensitive_attributes": [],
          "private": "eyJlMmJmYjczMC1lY2FhLTExZTYtOGY4OC0zNDM2M2JjN2M0YzAiOnsiY3JlYXRlIjoyNDAwMDAwMDAwMDAsImRlbGV0ZSI6MjQwMDAwMDAwMDAwLCJ1cGRhdGUiOjI0MDAwMDAwMDAwMH0sInNjaGVtYV92ZXJzaW9uIjoiMSJ9",
          "dependencies": [
            "module.network_resources.google_compute_network.vpc-network"
          ]
        }
      ]
    },
    {
      "module": "module.network_resources",
      "mode": "managed",
      "type": "google_compute_global_address",
      "name": "default",
      "provider": "provider[\"registry.terraform.io/hashicorp/google\"]",
      "instances": [
        {
          "schema_version": 0,
          "attributes": {
            "address": "34.102.159.108",
            "address_type": "EXTERNAL",
            "creation_timestamp": "2022-07-25T20:28:52.082-07:00",
            "description": "",
            "id": "projects/gcp-2021-2-bookshelf-dineshs/global/addresses/lb-static-ip",
            "ip_version": "",
            "name": "lb-static-ip",
            "network": "",
            "prefix_length": 0,
            "project": "gcp-2021-2-bookshelf-dineshs",
            "purpose": "",
            "self_link": "https://www.googleapis.com/compute/v1/projects/gcp-2021-2-bookshelf-dineshs/global/addresses/lb-static-ip",
            "timeouts": null
          },
          "sensitive_attributes": [],
          "private": "eyJlMmJmYjczMC1lY2FhLTExZTYtOGY4OC0zNDM2M2JjN2M0YzAiOnsiY3JlYXRlIjoyNDAwMDAwMDAwMDAsImRlbGV0ZSI6MjQwMDAwMDAwMDAwfX0="
        }
      ]
    },
    {
      "module": "module.network_resources",
      "mode": "managed",
      "type": "google_compute_global_address",
      "name": "private_ip_address",
      "provider": "provider[\"registry.terraform.io/hashicorp/google\"]",
      "instances": [
        {
          "schema_version": 0,
          "attributes": {
            "address": "10.92.144.0",
            "address_type": "INTERNAL",
            "creation_timestamp": "2022-07-25T20:29:16.183-07:00",
            "description": "",
            "id": "projects/gcp-2021-2-bookshelf-dineshs/global/addresses/private-ip-address",
            "ip_version": "",
            "name": "private-ip-address",
            "network": "https://www.googleapis.com/compute/v1/projects/gcp-2021-2-bookshelf-dineshs/global/networks/bookshelf-vpc",
            "prefix_length": 20,
            "project": "gcp-2021-2-bookshelf-dineshs",
            "purpose": "VPC_PEERING",
            "self_link": "https://www.googleapis.com/compute/v1/projects/gcp-2021-2-bookshelf-dineshs/global/addresses/private-ip-address",
            "timeouts": null
          },
          "sensitive_attributes": [],
          "private": "eyJlMmJmYjczMC1lY2FhLTExZTYtOGY4OC0zNDM2M2JjN2M0YzAiOnsiY3JlYXRlIjoyNDAwMDAwMDAwMDAsImRlbGV0ZSI6MjQwMDAwMDAwMDAwfX0=",
          "dependencies": [
            "module.network_resources.google_compute_network.vpc-network"
          ]
        }
      ]
    },
    {
      "module": "module.network_resources",
      "mode": "managed",
      "type": "google_compute_global_forwarding_rule",
      "name": "default",
      "provider": "provider[\"registry.terraform.io/hashicorp/google\"]",
      "instances": [
        {
          "schema_version": 0,
          "attributes": {
            "description": "",
            "id": "projects/gcp-2021-2-bookshelf-dineshs/global/forwardingRules/lb-forwarding-rule",
            "ip_address": "34.102.159.108",
            "ip_protocol": "TCP",
            "ip_version": "",
            "load_balancing_scheme": "EXTERNAL",
            "metadata_filters": [],
            "name": "lb-forwarding-rule",
            "port_range": "80-80",
            "project": "gcp-2021-2-bookshelf-dineshs",
            "self_link": "https://www.googleapis.com/compute/v1/projects/gcp-2021-2-bookshelf-dineshs/global/forwardingRules/lb-forwarding-rule",
            "target": "https://www.googleapis.com/compute/v1/projects/gcp-2021-2-bookshelf-dineshs/global/targetHttpProxies/lb-target-http-proxy",
            "timeouts": null
          },
          "sensitive_attributes": [],
          "private": "eyJlMmJmYjczMC1lY2FhLTExZTYtOGY4OC0zNDM2M2JjN2M0YzAiOnsiY3JlYXRlIjoyNDAwMDAwMDAwMDAsImRlbGV0ZSI6MjQwMDAwMDAwMDAwLCJ1cGRhdGUiOjI0MDAwMDAwMDAwMH19",
          "dependencies": [
            "module.compute_resources.google_compute_health_check.autohealing",
            "module.compute_resources.google_compute_instance_group_manager.appserver",
            "module.compute_resources.google_compute_instance_template.bookshelf-instance-template",
            "module.compute_resources.google_service_account.service_account",
            "module.network_resources.google_compute_backend_service.default",
            "module.network_resources.google_compute_global_address.default",
            "module.network_resources.google_compute_network.vpc-network",
            "module.network_resources.google_compute_subnetwork.subnet",
            "module.network_resources.google_compute_target_http_proxy.default",
            "module.network_resources.google_compute_url_map.default"
          ]
        }
      ]
    },
    {
      "module": "module.network_resources",
      "mode": "managed",
      "type": "google_compute_network",
      "name": "vpc-network",
      "provider": "provider[\"registry.terraform.io/hashicorp/google\"]",
      "instances": [
        {
          "schema_version": 0,
          "attributes": {
            "auto_create_subnetworks": false,
            "delete_default_routes_on_create": false,
            "description": "",
            "gateway_ipv4": "",
            "id": "projects/gcp-2021-2-bookshelf-dineshs/global/networks/bookshelf-vpc",
            "ipv4_range": null,
            "name": "bookshelf-vpc",
            "project": "gcp-2021-2-bookshelf-dineshs",
            "routing_mode": "GLOBAL",
            "self_link": "https://www.googleapis.com/compute/v1/projects/gcp-2021-2-bookshelf-dineshs/global/networks/bookshelf-vpc",
            "timeouts": null
          },
          "sensitive_attributes": [],
          "private": "eyJlMmJmYjczMC1lY2FhLTExZTYtOGY4OC0zNDM2M2JjN2M0YzAiOnsiY3JlYXRlIjoyNDAwMDAwMDAwMDAsImRlbGV0ZSI6MjQwMDAwMDAwMDAwLCJ1cGRhdGUiOjI0MDAwMDAwMDAwMH19"
        }
      ]
    },
    {
      "module": "module.network_resources",
      "mode": "managed",
      "type": "google_compute_router",
      "name": "router",
      "provider": "provider[\"registry.terraform.io/hashicorp/google\"]",
      "instances": [
        {
          "schema_version": 0,
          "attributes": {
            "bgp": [
              {
                "advertise_mode": "DEFAULT",
                "advertised_groups": [],
                "advertised_ip_ranges": [],
                "asn": 64514
              }
            ],
            "creation_timestamp": "2022-07-25T20:29:47.808-07:00",
            "description": "",
            "id": "projects/gcp-2021-2-bookshelf-dineshs/regions/us-central1/routers/bookshelf-router",
            "name": "bookshelf-router",
            "network": "https://www.googleapis.com/compute/v1/projects/gcp-2021-2-bookshelf-dineshs/global/networks/bookshelf-vpc",
            "project": "gcp-2021-2-bookshelf-dineshs",
            "region": "us-central1",
            "self_link": "https://www.googleapis.com/compute/v1/projects/gcp-2021-2-bookshelf-dineshs/regions/us-central1/routers/bookshelf-router",
            "timeouts": null
          },
          "sensitive_attributes": [],
          "private": "eyJlMmJmYjczMC1lY2FhLTExZTYtOGY4OC0zNDM2M2JjN2M0YzAiOnsiY3JlYXRlIjoyNDAwMDAwMDAwMDAsImRlbGV0ZSI6MjQwMDAwMDAwMDAwLCJ1cGRhdGUiOjI0MDAwMDAwMDAwMH19",
          "dependencies": [
            "module.network_resources.google_compute_network.vpc-network",
            "module.network_resources.google_compute_subnetwork.subnet"
          ]
        }
      ]
    },
    {
      "module": "module.network_resources",
      "mode": "managed",
      "type": "google_compute_router_nat",
      "name": "nat",
      "provider": "provider[\"registry.terraform.io/hashicorp/google\"]",
      "instances": [
        {
          "schema_version": 0,
          "attributes": {
            "drain_nat_ips": [],
            "icmp_idle_timeout_sec": 30,
            "id": "gcp-2021-2-bookshelf-dineshs/us-central1/bookshelf-router/bookshelf-nat",
            "log_config": [
              {
                "enable": true,
                "filter": "ERRORS_ONLY"
              }
            ],
            "min_ports_per_vm": 0,
            "name": "bookshelf-nat",
            "nat_ip_allocate_option": "AUTO_ONLY",
            "nat_ips": [],
            "project": "gcp-2021-2-bookshelf-dineshs",
            "region": "us-central1",
            "router": "bookshelf-router",
            "source_subnetwork_ip_ranges_to_nat": "ALL_SUBNETWORKS_ALL_IP_RANGES",
            "subnetwork": [],
            "tcp_established_idle_timeout_sec": 1200,
            "tcp_transitory_idle_timeout_sec": 30,
            "timeouts": null,
            "udp_idle_timeout_sec": 30
          },
          "sensitive_attributes": [],
          "private": "eyJlMmJmYjczMC1lY2FhLTExZTYtOGY4OC0zNDM2M2JjN2M0YzAiOnsiY3JlYXRlIjo2MDAwMDAwMDAwMDAsImRlbGV0ZSI6NjAwMDAwMDAwMDAwLCJ1cGRhdGUiOjYwMDAwMDAwMDAwMH19",
          "dependencies": [
            "module.network_resources.google_compute_network.vpc-network",
            "module.network_resources.google_compute_router.router",
            "module.network_resources.google_compute_subnetwork.subnet"
          ]
        }
      ]
    },
    {
      "module": "module.network_resources",
      "mode": "managed",
      "type": "google_compute_subnetwork",
      "name": "subnet",
      "provider": "provider[\"registry.terraform.io/hashicorp/google\"]",
      "instances": [
        {
          "schema_version": 0,
          "attributes": {
            "creation_timestamp": "2022-07-25T20:29:19.178-07:00",
            "description": "",
            "enable_flow_logs": null,
            "fingerprint": null,
            "gateway_address": "10.0.0.1",
            "id": "projects/gcp-2021-2-bookshelf-dineshs/regions/us-central1/subnetworks/bookshelf-subnet",
            "ip_cidr_range": "10.0.0.0/20",
            "log_config": [],
            "name": "bookshelf-subnet",
            "network": "https://www.googleapis.com/compute/v1/projects/gcp-2021-2-bookshelf-dineshs/global/networks/bookshelf-vpc",
            "private_ip_google_access": false,
            "project": "gcp-2021-2-bookshelf-dineshs",
            "region": "us-central1",
            "secondary_ip_range": [
              {
                "ip_cidr_range": "192.168.10.0/24",
                "range_name": "bookshelf-subnet-secondary-ip"
              }
            ],
            "self_link": "https://www.googleapis.com/compute/v1/projects/gcp-2021-2-bookshelf-dineshs/regions/us-central1/subnetworks/bookshelf-subnet",
            "timeouts": null
          },
          "sensitive_attributes": [],
          "private": "eyJlMmJmYjczMC1lY2FhLTExZTYtOGY4OC0zNDM2M2JjN2M0YzAiOnsiY3JlYXRlIjozNjAwMDAwMDAwMDAsImRlbGV0ZSI6MzYwMDAwMDAwMDAwLCJ1cGRhdGUiOjM2MDAwMDAwMDAwMH19",
          "dependencies": [
            "module.network_resources.google_compute_network.vpc-network"
          ]
        }
      ]
    },
    {
      "module": "module.network_resources",
      "mode": "managed",
      "type": "google_compute_target_http_proxy",
      "name": "default",
      "provider": "provider[\"registry.terraform.io/hashicorp/google\"]",
      "instances": [
        {
          "schema_version": 0,
          "attributes": {
            "creation_timestamp": "2022-08-02T00:36:52.232-07:00",
            "description": "",
            "id": "projects/gcp-2021-2-bookshelf-dineshs/global/targetHttpProxies/lb-target-http-proxy",
            "name": "lb-target-http-proxy",
            "project": "gcp-2021-2-bookshelf-dineshs",
            "proxy_id": 5669972341346888443,
            "self_link": "https://www.googleapis.com/compute/v1/projects/gcp-2021-2-bookshelf-dineshs/global/targetHttpProxies/lb-target-http-proxy",
            "timeouts": null,
            "url_map": "https://www.googleapis.com/compute/v1/projects/gcp-2021-2-bookshelf-dineshs/global/urlMaps/lb-url-map"
          },
          "sensitive_attributes": [],
          "private": "eyJlMmJmYjczMC1lY2FhLTExZTYtOGY4OC0zNDM2M2JjN2M0YzAiOnsiY3JlYXRlIjoyNDAwMDAwMDAwMDAsImRlbGV0ZSI6MjQwMDAwMDAwMDAwLCJ1cGRhdGUiOjI0MDAwMDAwMDAwMH19",
          "dependencies": [
            "module.compute_resources.google_compute_health_check.autohealing",
            "module.compute_resources.google_compute_instance_group_manager.appserver",
            "module.compute_resources.google_compute_instance_template.bookshelf-instance-template",
            "module.compute_resources.google_service_account.service_account",
            "module.network_resources.google_compute_backend_service.default",
            "module.network_resources.google_compute_network.vpc-network",
            "module.network_resources.google_compute_subnetwork.subnet",
            "module.network_resources.google_compute_url_map.default"
          ]
        }
      ]
    },
    {
      "module": "module.network_resources",
      "mode": "managed",
      "type": "google_compute_url_map",
      "name": "default",
      "provider": "provider[\"registry.terraform.io/hashicorp/google\"]",
      "instances": [
        {
          "schema_version": 0,
          "attributes": {
            "creation_timestamp": "2022-08-02T00:36:49.629-07:00",
            "default_service": "https://www.googleapis.com/compute/v1/projects/gcp-2021-2-bookshelf-dineshs/global/backendServices/lb-backend-service",
            "default_url_redirect": [],
            "description": "",
            "fingerprint": "MFxJfC0rtDk=",
            "header_action": [],
            "host_rule": [],
            "id": "projects/gcp-2021-2-bookshelf-dineshs/global/urlMaps/lb-url-map",
            "map_id": 1098580628053781246,
            "name": "lb-url-map",
            "path_matcher": [],
            "project": "gcp-2021-2-bookshelf-dineshs",
            "self_link": "https://www.googleapis.com/compute/v1/projects/gcp-2021-2-bookshelf-dineshs/global/urlMaps/lb-url-map",
            "test": [],
            "timeouts": null
          },
          "sensitive_attributes": [],
          "private": "eyJlMmJmYjczMC1lY2FhLTExZTYtOGY4OC0zNDM2M2JjN2M0YzAiOnsiY3JlYXRlIjoyNDAwMDAwMDAwMDAsImRlbGV0ZSI6MjQwMDAwMDAwMDAwLCJ1cGRhdGUiOjI0MDAwMDAwMDAwMH19",
          "dependencies": [
            "module.compute_resources.google_compute_health_check.autohealing",
            "module.compute_resources.google_compute_instance_group_manager.appserver",
            "module.compute_resources.google_compute_instance_template.bookshelf-instance-template",
            "module.compute_resources.google_service_account.service_account",
            "module.network_resources.google_compute_backend_service.default",
            "module.network_resources.google_compute_network.vpc-network",
            "module.network_resources.google_compute_subnetwork.subnet"
          ]
        }
      ]
    },
    {
      "module": "module.storage_resources",
      "mode": "managed",
      "type": "google_service_networking_connection",
      "name": "private_vpc_connection",
      "provider": "provider[\"registry.terraform.io/hashicorp/google\"]",
      "instances": [
        {
          "schema_version": 0,
          "attributes": {
            "id": "projects%2Fgcp-2021-2-bookshelf-dineshs%2Fglobal%2Fnetworks%2Fbookshelf-vpc:servicenetworking.googleapis.com",
            "network": "projects/gcp-2021-2-bookshelf-dineshs/global/networks/bookshelf-vpc",
            "peering": "servicenetworking-googleapis-com",
            "reserved_peering_ranges": [
              "private-ip-address"
            ],
            "service": "servicenetworking.googleapis.com"
          },
          "sensitive_attributes": [],
          "private": "bnVsbA==",
          "dependencies": [
            "module.network_resources.google_compute_global_address.private_ip_address",
            "module.network_resources.google_compute_network.vpc-network"
          ]
        }
      ]
    },
    {
      "module": "module.storage_resources",
      "mode": "managed",
      "type": "google_sql_database",
      "name": "database",
      "provider": "provider[\"registry.terraform.io/hashicorp/google\"]",
      "instances": [
        {
          "schema_version": 0,
          "attributes": {
            "charset": "utf8mb4",
            "collation": "utf8mb4_0900_ai_ci",
            "id": "projects/gcp-2021-2-bookshelf-dineshs/instances/bookshelf-sql-instance-20/databases/bookshelf-db",
            "instance": "bookshelf-sql-instance-20",
            "name": "bookshelf-db",
            "project": "gcp-2021-2-bookshelf-dineshs",
            "self_link": "https://sqladmin.googleapis.com/sql/v1beta4/projects/gcp-2021-2-bookshelf-dineshs/instances/bookshelf-sql-instance-20/databases/bookshelf-db",
            "timeouts": null
          },
          "sensitive_attributes": [],
          "private": "eyJlMmJmYjczMC1lY2FhLTExZTYtOGY4OC0zNDM2M2JjN2M0YzAiOnsiY3JlYXRlIjo5MDAwMDAwMDAwMDAsImRlbGV0ZSI6NjAwMDAwMDAwMDAwLCJ1cGRhdGUiOjYwMDAwMDAwMDAwMH19",
          "dependencies": [
            "module.network_resources.google_compute_global_address.private_ip_address",
            "module.network_resources.google_compute_network.vpc-network",
            "module.storage_resources.google_service_networking_connection.private_vpc_connection",
            "module.storage_resources.google_sql_database_instance.sql-instance"
          ]
        }
      ]
    },
    {
      "module": "module.storage_resources",
      "mode": "managed",
      "type": "google_sql_database_instance",
      "name": "sql-instance",
      "provider": "provider[\"registry.terraform.io/hashicorp/google\"]",
      "instances": [
        {
          "schema_version": 0,
          "attributes": {
            "connection_name": "gcp-2021-2-bookshelf-dineshs:us-central1:bookshelf-sql-instance-20",
            "database_version": "MYSQL_8_0",
            "first_ip_address": "10.92.144.3",
            "id": "bookshelf-sql-instance-20",
            "ip_address": [
              {
                "ip_address": "10.92.144.3",
                "time_to_retire": "",
                "type": "PRIVATE"
              }
            ],
            "master_instance_name": "",
            "name": "bookshelf-sql-instance-20",
            "private_ip_address": "10.92.144.3",
            "project": "gcp-2021-2-bookshelf-dineshs",
            "public_ip_address": "",
            "region": "us-central1",
            "replica_configuration": [],
            "self_link": "https://sqladmin.googleapis.com/sql/v1beta4/projects/gcp-2021-2-bookshelf-dineshs/instances/bookshelf-sql-instance-20",
            "server_ca_cert": [
              {
                "cert": "-----BEGIN CERTIFICATE-----\nMIIDfzCCAmegAwIBAgIBADANBgkqhkiG9w0BAQsFADB3MS0wKwYDVQQuEyQxY2Yz\nNThhMy1kM2VlLTQ3ZGItOWY5Yi1lOTA5YjAwOTcxNmYxIzAhBgNVBAMTGkdvb2ds\nZSBDbG91ZCBTUUwgU2VydmVyIENBMRQwEgYDVQQKEwtHb29nbGUsIEluYzELMAkG\nA1UEBhMCVVMwHhcNMjIwNzI2MDMzMzA2WhcNMzIwNzIzMDMzNDA2WjB3MS0wKwYD\nVQQuEyQxY2YzNThhMy1kM2VlLTQ3ZGItOWY5Yi1lOTA5YjAwOTcxNmYxIzAhBgNV\nBAMTGkdvb2dsZSBDbG91ZCBTUUwgU2VydmVyIENBMRQwEgYDVQQKEwtHb29nbGUs\nIEluYzELMAkGA1UEBhMCVVMwggEiMA0GCSqGSIb3DQEBAQUAA4IBDwAwggEKAoIB\nAQCbkWTMSNh788XD92xgxlo+TCiTNJ80/oaIWnK9OEjJnFETtuEupMfTCf52b9Xv\nTTZ9ycHdUUKXYTijo0pzzygZSYaJWlIBoPBN+bAkSxprA/wAeHTjuyGHIwfacANy\nKYzrmxJLC2J3jYMZDau9pFzb9GvS4LmRB+FqmO4KqWSpOnvHu95A23XKVjm+X3ui\nvuOKMrO6hkJgl9YWZCHgnSB/UNNUfTrgYDuiTFfpAVuar4kB+PquQiO0WERZjA5b\nv0o8jsm7Sg5TFHu4MDmAJO3sNIBdwQDolRGA/ZZsu5prBie/AlW+p6Q+aHfDkIvQ\nLCaPhTnBdeAIqfinCeY0aQsdAgMBAAGjFjAUMBIGA1UdEwEB/wQIMAYBAf8CAQAw\nDQYJKoZIhvcNAQELBQADggEBAJSmNkUiK02MQn+Abvg5j6c9ZW4CbAHBTnhvZQBC\nSCTQnHa+GXu6uPTLRmA3NkMINWpZ1kEQOkCuMXZGnbnuBSdhW4iOrba8tyUlQToN\n58afdxM3ulkJpUeTYjry27tpwxf6RgZH9gVuy0ErR/rfV/nTAs7nR9th1bG1hgHC\neUK5dGqrM+YG/5WfRYpurq2TFD7Y4pl/iy938HgIPODKM/5+b4f1djmLaAGiNe8q\nfpF18aNzLkdBHsMt/DyPvsjUA3H1ehWpB174h2Sk2JebHBBQHD5z8DEUqaZs2bC/\nVx4HLm7uAyIlXmVqY0WIjWRmBo3+pjIeriifmiLsScX9JNo=\n-----END CERTIFICATE-----",
                "common_name": "C=US,O=Google\\, Inc,CN=Google Cloud SQL Server CA,dnQualifier=1cf358a3-d3ee-47db-9f9b-e909b009716f",
                "create_time": "2022-07-26T03:33:06.232Z",
                "expiration_time": "2032-07-23T03:34:06.232Z",
                "sha1_fingerprint": "880698b17b94b5f87891dc8e2543925b3758dab3"
              }
            ],
            "service_account_email_address": "p582172870194-qup1bj@gcp-sa-cloud-sql.iam.gserviceaccount.com",
            "settings": [
              {
                "activation_policy": "ALWAYS",
                "authorized_gae_applications": [],
                "availability_type": "ZONAL",
                "backup_configuration": [
                  {
                    "binary_log_enabled": false,
                    "enabled": false,
                    "location": "",
                    "start_time": "10:00"
                  }
                ],
                "crash_safe_replication": false,
                "database_flags": [],
                "disk_autoresize": true,
                "disk_size": 10,
                "disk_type": "PD_SSD",
                "ip_configuration": [
                  {
                    "authorized_networks": [],
                    "ipv4_enabled": false,
                    "private_network": "projects/gcp-2021-2-bookshelf-dineshs/global/networks/bookshelf-vpc",
                    "require_ssl": false
                  }
                ],
                "location_preference": [
                  {
                    "follow_gae_application": "",
                    "zone": "us-central1-a"
                  }
                ],
                "maintenance_window": [],
                "pricing_plan": "PER_USE",
                "replication_type": "SYNCHRONOUS",
                "tier": "db-f1-micro",
                "user_labels": {},
                "version": 46
              }
            ],
            "timeouts": null
          },
          "sensitive_attributes": [],
          "private": "eyJlMmJmYjczMC1lY2FhLTExZTYtOGY4OC0zNDM2M2JjN2M0YzAiOnsiY3JlYXRlIjoxMjAwMDAwMDAwMDAwLCJkZWxldGUiOjEyMDAwMDAwMDAwMDAsInVwZGF0ZSI6MTIwMDAwMDAwMDAwMH19",
          "dependencies": [
            "module.network_resources.google_compute_global_address.private_ip_address",
            "module.network_resources.google_compute_network.vpc-network",
            "module.storage_resources.google_service_networking_connection.private_vpc_connection"
          ]
        }
      ]
    },
    {
      "module": "module.storage_resources",
      "mode": "managed",
      "type": "google_sql_user",
      "name": "users",
      "provider": "provider[\"registry.terraform.io/hashicorp/google\"]",
      "instances": [
        {
          "schema_version": 1,
          "attributes": {
            "host": "",
            "id": "root//bookshelf-sql-instance-20",
            "instance": "bookshelf-sql-instance-20",
            "name": "root",
            "password": "2001",
            "project": "gcp-2021-2-bookshelf-dineshs"
          },
          "sensitive_attributes": [],
          "private": "eyJzY2hlbWFfdmVyc2lvbiI6IjEifQ==",
          "dependencies": [
            "module.network_resources.google_compute_global_address.private_ip_address",
            "module.network_resources.google_compute_network.vpc-network",
            "module.storage_resources.google_service_networking_connection.private_vpc_connection",
            "module.storage_resources.google_sql_database_instance.sql-instance"
          ]
        }
      ]
    },
    {
      "module": "module.storage_resources",
      "mode": "managed",
      "type": "google_storage_bucket",
      "name": "image-bucket",
      "provider": "provider[\"registry.terraform.io/hashicorp/google\"]",
      "instances": [
        {
          "schema_version": 0,
          "attributes": {
            "bucket_policy_only": false,
            "cors": [],
            "default_event_based_hold": false,
            "encryption": [],
            "force_destroy": true,
            "id": "image-sql-bookshelf-bucket-5",
            "labels": {},
            "lifecycle_rule": [],
            "location": "US",
            "logging": [],
            "name": "image-sql-bookshelf-bucket-5",
            "project": "gcp-2021-2-bookshelf-dineshs",
            "requester_pays": false,
            "retention_policy": [],
            "self_link": "https://www.googleapis.com/storage/v1/b/image-sql-bookshelf-bucket-5",
            "storage_class": "STANDARD",
            "url": "gs://image-sql-bookshelf-bucket-5",
            "versioning": [],
            "website": []
          },
          "sensitive_attributes": [],
          "private": "bnVsbA=="
        }
      ]
    },
    {
      "module": "module.storage_resources",
      "mode": "managed",
      "type": "google_storage_default_object_access_control",
      "name": "public_rule",
      "provider": "provider[\"registry.terraform.io/hashicorp/google\"]",
      "instances": [
        {
          "schema_version": 0,
          "attributes": {
            "bucket": "image-sql-bookshelf-bucket-5",
            "domain": "",
            "email": "",
            "entity": "allUsers",
            "entity_id": "",
            "generation": 0,
            "id": "image-sql-bookshelf-bucket-5/allUsers",
            "object": "",
            "project_team": [],
            "role": "READER",
            "timeouts": null
          },
          "sensitive_attributes": [],
          "private": "eyJlMmJmYjczMC1lY2FhLTExZTYtOGY4OC0zNDM2M2JjN2M0YzAiOnsiY3JlYXRlIjoyNDAwMDAwMDAwMDAsImRlbGV0ZSI6MjQwMDAwMDAwMDAwLCJ1cGRhdGUiOjI0MDAwMDAwMDAwMH19",
          "dependencies": [
            "module.storage_resources.google_storage_bucket.image-bucket"
          ]
        }
      ]
    }
  ]
}
